
Microsoft Visual Studio Solution File, Format Version 12.00
# Visual Studio Version 17
VisualStudioVersion = 17.8.34322.80
MinimumVisualStudioVersion = 10.0.40219.1
Project("{FAE04EC0-301F-11D3-BF4B-00C04F79EFBC}") = "csDronLink", "csDronLink\csDronLink.csproj", "{B4943912-5FB7-4403-9F0C-489C59B15FC9}"
EndProject
Project("{FAE04EC0-301F-11D3-BF4B-00C04F79EFBC}") = "SimpleExample", "SimpleExample\SimpleExample.csproj", "{92360E56-A293-436C-8A29-0D0C37AF50A4}"
EndProject
Project("{FAE04EC0-301F-11D3-BF4B-00C04F79EFBC}") = "TestsConsola", "TestsConsola\TestsConsola.csproj", "{C75C26D4-003C-41EE-9F1C-FEDED475D6B0}"
EndProject
Global
	GlobalSection(SolutionConfigurationPlatforms) = preSolution
		aaa|Any CPU = aaa|Any CPU
		Debug|Any CPU = Debug|Any CPU
		Release|Any CPU = Release|Any CPU
	EndGlobalSection
	GlobalSection(ProjectConfigurationPlatforms) = postSolution
		{B4943912-5FB7-4403-9F0C-489C59B15FC9}.aaa|Any CPU.ActiveCfg = Debug|Any CPU
		{B4943912-5FB7-4403-9F0C-489C59B15FC9}.aaa|Any CPU.Build.0 = Debug|Any CPU
		{B4943912-5FB7-4403-9F0C-489C59B15FC9}.Debug|Any CPU.ActiveCfg = Debug|Any CPU
		{B4943912-5FB7-4403-9F0C-489C59B15FC9}.Debug|Any CPU.Build.0 = Debug|Any CPU
		{B4943912-5FB7-4403-9F0C-489C59B15FC9}.Release|Any CPU.ActiveCfg = Release|Any CPU
		{B4943912-5FB7-4403-9F0C-489C59B15FC9}.Release|Any CPU.Build.0 = Release|Any CPU
		{92360E56-A293-436C-8A29-0D0C37AF50A4}.aaa|Any CPU.ActiveCfg = Debug|Any CPU
		{92360E56-A293-436C-8A29-0D0C37AF50A4}.aaa|Any CPU.Build.0 = Debug|Any CPU
		{92360E56-A293-436C-8A29-0D0C37AF50A4}.Debug|Any CPU.ActiveCfg = Debug|Any CPU
		{92360E56-A293-436C-8A29-0D0C37AF50A4}.Debug|Any CPU.Build.0 = Debug|Any CPU
		{92360E56-A293-436C-8A29-0D0C37AF50A4}.Release|Any CPU.ActiveCfg = Release|Any CPU
		{92360E56-A293-436C-8A29-0D0C37AF50A4}.Release|Any CPU.Build.0 = Release|Any CPU
		{C75C26D4-003C-41EE-9F1C-FEDED475D6B0}.aaa|Any CPU.ActiveCfg = Debug|Any CPU
		{C75C26D4-003C-41EE-9F1C-FEDED475D6B0}.aaa|Any CPU.Build.0 = Debug|Any CPU
		{C75C26D4-003C-41EE-9F1C-FEDED475D6B0}.Debug|Any CPU.ActiveCfg = Debug|Any CPU
		{C75C26D4-003C-41EE-9F1C-FEDED475D6B0}.Debug|Any CPU.Build.0 = Debug|Any CPU
		{C75C26D4-003C-41EE-9F1C-FEDED475D6B0}.Release|Any CPU.ActiveCfg = Release|Any CPU
		{C75C26D4-003C-41EE-9F1C-FEDED475D6B0}.Release|Any CPU.Build.0 = Release|Any CPU
	EndGlobalSection
	GlobalSection(SolutionProperties) = preSolution
		HideSolutionNode = FALSE
	EndGlobalSection
	GlobalSection(ExtensibilityGlobals) = postSolution
		SolutionGuid = {C2F52762-D7BB-4249-87A1-51EF2B5BC45B}
	EndGlobalSection
EndGlobal
